
Microsoft Visual Studio Solution File, Format Version 12.00
# Visual Studio Version 17
VisualStudioVersion = 17.4.33122.133
MinimumVisualStudioVersion = 10.0.40219.1
Project("{FAE04EC0-301F-11D3-BF4B-00C04F79EFBC}") = "TesteTecnicoTarget", "TesteTecnicoTarget\TesteTecnicoTarget.csproj", "{35539DA4-964F-495F-B5E0-14EF5A202695}"
EndProject
Global
	GlobalSection(SolutionConfigurationPlatforms) = preSolution
		Debug|Any CPU = Debug|Any CPU
		Release|Any CPU = Release|Any CPU
	EndGlobalSection
	GlobalSection(ProjectConfigurationPlatforms) = postSolution
		{35539DA4-964F-495F-B5E0-14EF5A202695}.Debug|Any CPU.ActiveCfg = Debug|Any CPU
		{35539DA4-964F-495F-B5E0-14EF5A202695}.Debug|Any CPU.Build.0 = Debug|Any CPU
		{35539DA4-964F-495F-B5E0-14EF5A202695}.Release|Any CPU.ActiveCfg = Release|Any CPU
		{35539DA4-964F-495F-B5E0-14EF5A202695}.Release|Any CPU.Build.0 = Release|Any CPU
	EndGlobalSection
	GlobalSection(SolutionProperties) = preSolution
		HideSolutionNode = FALSE
	EndGlobalSection
	GlobalSection(ExtensibilityGlobals) = postSolution
		SolutionGuid = {3578A14E-6E18-4FD1-8E1F-FEAB33C3ED93}
	EndGlobalSection
EndGlobal
